{
  "nodes": {
    "deploy-rs": {
      "inputs": {
        "flake-compat": "flake-compat",
        "naersk": "naersk",
        "nixpkgs": "nixpkgs",
        "utils": "utils"
      },
      "locked": {
        "lastModified": 1624363081,
        "narHash": "sha256-jZiWS/UZ/G9jvPQIhck4+BrOB6fni0sx9cHptwV9Rgs=",
        "owner": "serokell",
        "repo": "deploy-rs",
        "rev": "0fc8dea27a70f07e0dec37037603bb24bcba64ba",
        "type": "github"
      },
      "original": {
        "owner": "serokell",
        "repo": "deploy-rs",
        "type": "github"
      }
    },
    "flake-compat": {
      "flake": false,
      "locked": {
        "lastModified": 1606424373,
        "narHash": "sha256-oq8d4//CJOrVj+EcOaSXvMebvuTkmBJuT5tzlfewUnQ=",
        "owner": "edolstra",
        "repo": "flake-compat",
        "rev": "99f1c2157fba4bfe6211a321fd0ee43199025dbf",
        "type": "github"
      },
      "original": {
        "owner": "edolstra",
        "repo": "flake-compat",
        "type": "github"
      }
    },
    "flake-utils": {
      "locked": {
        "lastModified": 1623875721,
        "narHash": "sha256-A8BU7bjS5GirpAUv4QA+QnJ4CceLHkcXdRp4xITDB0s=",
        "owner": "numtide",
        "repo": "flake-utils",
        "rev": "f7e004a55b120c02ecb6219596820fcd32ca8772",
        "type": "github"
      },
      "original": {
        "owner": "numtide",
        "repo": "flake-utils",
        "type": "github"
      }
    },
    "home-manager": {
      "inputs": {
        "nixpkgs": [
          "nixpkgs"
        ]
      },
      "locked": {
        "lastModified": 1624228557,
        "narHash": "sha256-wwOqe73BsrXfRv1PhyXQFNC8iTET50KvE/HitdkRgxs=",
        "owner": "nix-community",
        "repo": "home-manager",
        "rev": "35a24648d155843a4d162de98c17b1afd5db51e4",
        "type": "github"
      },
      "original": {
        "owner": "nix-community",
        "ref": "release-21.05",
        "repo": "home-manager",
        "type": "github"
      }
    },
    "naersk": {
      "inputs": {
        "nixpkgs": [
          "nixpkgs"
        ]
      },
      "locked": {
        "lastModified": 1622810282,
        "narHash": "sha256-4wmvM3/xfD0hCdNDIXVzRMfL4yB1J+DjH6Zte2xbAxk=",
        "owner": "nmattia",
        "repo": "naersk",
        "rev": "e8061169e1495871b56be97c5c51d310fae01374",
        "type": "github"
      },
      "original": {
        "owner": "nmattia",
        "ref": "master",
        "repo": "naersk",
        "type": "github"
      }
    },
    "nixos-hardware": {
      "locked": {
        "lastModified": 1623569835,
        "narHash": "sha256-Mg+FN1JkEQ91Zff0+ot/ndRgD9BB+uDBLN12AcBYkSA=",
        "owner": "NixOS",
        "repo": "nixos-hardware",
        "rev": "7305b276c90cfd3ad0a2452101a49c0b52c784c0",
        "type": "github"
      },
      "original": {
        "owner": "NixOS",
        "repo": "nixos-hardware",
        "type": "github"
      }
    },
    "nixpkgs": {
      "locked": {
        "lastModified": 1622972307,
        "narHash": "sha256-ENOu0FPCf95iLLoq2txhJtnA2ZpOFhIVBqQVbKM8ra0=",
        "owner": "NixOS",
        "repo": "nixpkgs",
        "rev": "d8eb97e3801bde96491535f40483d550b57605b9",
        "type": "github"
      },
      "original": {
        "owner": "NixOS",
        "ref": "nixpkgs-unstable",
        "repo": "nixpkgs",
        "type": "github"
      }
    },
    "nixpkgs-unstable": {
      "locked": {
        "lastModified": 1624024598,
        "narHash": "sha256-X++38oH5MKEmPW4/2WdMaHQvwJzO8pJfbnzMD7DbG1E=",
        "owner": "NixOS",
        "repo": "nixpkgs",
        "rev": "33d42ad7cf2769ce6364ed4e52afa8e9d1439d58",
        "type": "github"
      },
      "original": {
        "owner": "NixOS",
        "ref": "nixos-unstable",
        "repo": "nixpkgs",
        "type": "github"
      }
    },
    "nixpkgs_2": {
      "locked": {
        "lastModified": 1624172050,
        "narHash": "sha256-sLQEhZ6Ffjx0J1AJxHQDY4y7XWKxI/Zgm/hQJjkjZ6M=",
        "owner": "NixOS",
        "repo": "nixpkgs",
        "rev": "6613a30c5e3ee59753181512b4bedd4121569925",
        "type": "github"
      },
      "original": {
        "owner": "NixOS",
        "ref": "nixos-21.05",
        "repo": "nixpkgs",
        "type": "github"
      }
    },
    "nur": {
      "locked": {
        "lastModified": 1624365586,
        "narHash": "sha256-FGieAW2UD0PE2du/ZC6XWZ6jKVpDLMZUgEH3Plaj+LA=",
        "owner": "nix-community",
        "repo": "NUR",
        "rev": "86559993d6ebbe44dc1fe53488531a9e4110e666",
        "type": "github"
      },
      "original": {
        "owner": "nix-community",
        "repo": "NUR",
        "type": "github"
      }
    },
    "root": {
      "inputs": {
        "deploy-rs": "deploy-rs",
        "flake-utils": "flake-utils",
        "home-manager": "home-manager",
        "nixos-hardware": "nixos-hardware",
        "nixpkgs": "nixpkgs_2",
        "nixpkgs-unstable": "nixpkgs-unstable",
        "nur": "nur"
      }
    },
    "utils": {
      "locked": {
        "lastModified": 1622445595,
        "narHash": "sha256-m+JRe6Wc5OZ/mKw2bB3+Tl0ZbtyxxxfnAWln8Q5qs+Y=",
        "owner": "numtide",
        "repo": "flake-utils",
        "rev": "7d706970d94bc5559077eb1a6600afddcd25a7c8",
        "type": "github"
      },
      "original": {
        "owner": "numtide",
        "repo": "flake-utils",
        "type": "github"
      }
    }
  },
  "root": "root",
  "version": 7
}
